
Microsoft Visual Studio Solution File, Format Version 12.00
# Visual Studio 15
VisualStudioVersion = 15.0.28010.2046
MinimumVisualStudioVersion = 10.0.40219.1
Project("{FAE04EC0-301F-11D3-BF4B-00C04F79EFBC}") = "SeleniumProject.Test", "SeleniumProject.Test\SeleniumProject.Test.csproj", "{071637FF-CF43-45B8-A472-5159AA86FBE0}"
EndProject
Global
	GlobalSection(SolutionConfigurationPlatforms) = preSolution
		Debug|Any CPU = Debug|Any CPU
		Release|Any CPU = Release|Any CPU
	EndGlobalSection
	GlobalSection(ProjectConfigurationPlatforms) = postSolution
		{071637FF-CF43-45B8-A472-5159AA86FBE0}.Debug|Any CPU.ActiveCfg = Debug|Any CPU
		{071637FF-CF43-45B8-A472-5159AA86FBE0}.Debug|Any CPU.Build.0 = Debug|Any CPU
		{071637FF-CF43-45B8-A472-5159AA86FBE0}.Release|Any CPU.ActiveCfg = Release|Any CPU
		{071637FF-CF43-45B8-A472-5159AA86FBE0}.Release|Any CPU.Build.0 = Release|Any CPU
	EndGlobalSection
	GlobalSection(SolutionProperties) = preSolution
		HideSolutionNode = FALSE
	EndGlobalSection
	GlobalSection(ExtensibilityGlobals) = postSolution
		SolutionGuid = {976F663E-CE5A-4072-8DAD-885C372D403E}
	EndGlobalSection
EndGlobal
